
Microsoft Visual Studio Solution File, Format Version 12.00
# Visual Studio 15
VisualStudioVersion = 15.0.26228.9
MinimumVisualStudioVersion = 10.0.40219.1
Project("{FAE04EC0-301F-11D3-BF4B-00C04F79EFBC}") = "PASABAY_CSharp", "PASABAY_CSharp\PASABAY_CSharp.csproj", "{B46520F7-AF5E-4B07-90B6-E544AEC4E6B3}"
EndProject
Project("{FAE04EC0-301F-11D3-BF4B-00C04F79EFBC}") = "WindowsFormsApp7", "..\..\..\Documents\Visual Studio 2017\Projects\WindowsFormsApp7\WindowsFormsApp7\WindowsFormsApp7.csproj", "{DD2BF8E5-5B85-4525-B1F1-447EA520BBDE}"
EndProject
Global
	GlobalSection(SolutionConfigurationPlatforms) = preSolution
		Debug|Any CPU = Debug|Any CPU
		Release|Any CPU = Release|Any CPU
	EndGlobalSection
	GlobalSection(ProjectConfigurationPlatforms) = postSolution
		{B46520F7-AF5E-4B07-90B6-E544AEC4E6B3}.Debug|Any CPU.ActiveCfg = Debug|Any CPU
		{B46520F7-AF5E-4B07-90B6-E544AEC4E6B3}.Debug|Any CPU.Build.0 = Debug|Any CPU
		{B46520F7-AF5E-4B07-90B6-E544AEC4E6B3}.Release|Any CPU.ActiveCfg = Release|Any CPU
		{B46520F7-AF5E-4B07-90B6-E544AEC4E6B3}.Release|Any CPU.Build.0 = Release|Any CPU
		{DD2BF8E5-5B85-4525-B1F1-447EA520BBDE}.Debug|Any CPU.ActiveCfg = Debug|Any CPU
		{DD2BF8E5-5B85-4525-B1F1-447EA520BBDE}.Debug|Any CPU.Build.0 = Debug|Any CPU
		{DD2BF8E5-5B85-4525-B1F1-447EA520BBDE}.Release|Any CPU.ActiveCfg = Release|Any CPU
		{DD2BF8E5-5B85-4525-B1F1-447EA520BBDE}.Release|Any CPU.Build.0 = Release|Any CPU
	EndGlobalSection
	GlobalSection(SolutionProperties) = preSolution
		HideSolutionNode = FALSE
	EndGlobalSection
EndGlobal
